
Microsoft Visual Studio Solution File, Format Version 12.00
# Visual Studio 15
Project("{FAE04EC0-301F-11D3-BF4B-00C04F79EFBC}") = "ElasticKibanaLoggingVerify", "ElasticKibanaLoggingVerify\ElasticKibanaLoggingVerify.csproj", "{535334A1-280B-4885-8FB7-FF3103044B8E}"
EndProject
Project("{E53339B2-1760-4266-BCC7-CA923CBCF16C}") = "docker-compose", "docker-compose.dcproj", "{EBF802FE-D10C-498A-91E3-835F6241AB1D}"
EndProject
Global
	GlobalSection(SolutionConfigurationPlatforms) = preSolution
		Debug|Any CPU = Debug|Any CPU
		Release|Any CPU = Release|Any CPU
	EndGlobalSection
	GlobalSection(ProjectConfigurationPlatforms) = postSolution
		{535334A1-280B-4885-8FB7-FF3103044B8E}.Debug|Any CPU.ActiveCfg = Debug|Any CPU
		{535334A1-280B-4885-8FB7-FF3103044B8E}.Debug|Any CPU.Build.0 = Debug|Any CPU
		{535334A1-280B-4885-8FB7-FF3103044B8E}.Release|Any CPU.ActiveCfg = Release|Any CPU
		{535334A1-280B-4885-8FB7-FF3103044B8E}.Release|Any CPU.Build.0 = Release|Any CPU
		{EBF802FE-D10C-498A-91E3-835F6241AB1D}.Debug|Any CPU.ActiveCfg = Debug|Any CPU
		{EBF802FE-D10C-498A-91E3-835F6241AB1D}.Debug|Any CPU.Build.0 = Debug|Any CPU
		{EBF802FE-D10C-498A-91E3-835F6241AB1D}.Release|Any CPU.ActiveCfg = Release|Any CPU
		{EBF802FE-D10C-498A-91E3-835F6241AB1D}.Release|Any CPU.Build.0 = Release|Any CPU
	EndGlobalSection
EndGlobal
